
Microsoft Visual Studio Solution File, Format Version 12.00
# TcXaeShell Solution File, Format Version 11.00
VisualStudioVersion = 17.7.34302.85
MinimumVisualStudioVersion = 10.0.40219.1
Project("{DFBE7525-6864-4E62-8B2E-D530D69D9D96}") = "Tc3_CRC", "Tc3_CRC\Tc3_CRC.tspproj", "{3EAC4444-6C40-4B88-8DE5-A312021257E3}"
EndProject
Project("{B1E792BE-AA5F-4E3C-8C82-674BF9C0715B}") = "TC3_CRC_UnitTests", "TC3_CRC_UnitTests\TC3_CRC_UnitTests.tsproj", "{F822628E-CAD0-4201-82FB-6141F7D7CFB2}"
EndProject
Global
	GlobalSection(SolutionConfigurationPlatforms) = preSolution
		Debug|TwinCAT OS (ARMV7-A) = Debug|TwinCAT OS (ARMV7-A)
		Debug|TwinCAT OS (ARMV7-M) = Debug|TwinCAT OS (ARMV7-M)
		Debug|TwinCAT OS (ARMV8-A) = Debug|TwinCAT OS (ARMV8-A)
		Debug|TwinCAT OS (x64) = Debug|TwinCAT OS (x64)
		Debug|TwinCAT OS (x64-E) = Debug|TwinCAT OS (x64-E)
		Debug|TwinCAT RT (x64) = Debug|TwinCAT RT (x64)
		Debug|TwinCAT RT (x86) = Debug|TwinCAT RT (x86)
		Release|TwinCAT OS (ARMV7-A) = Release|TwinCAT OS (ARMV7-A)
		Release|TwinCAT OS (ARMV7-M) = Release|TwinCAT OS (ARMV7-M)
		Release|TwinCAT OS (ARMV8-A) = Release|TwinCAT OS (ARMV8-A)
		Release|TwinCAT OS (x64) = Release|TwinCAT OS (x64)
		Release|TwinCAT OS (x64-E) = Release|TwinCAT OS (x64-E)
		Release|TwinCAT RT (x64) = Release|TwinCAT RT (x64)
		Release|TwinCAT RT (x86) = Release|TwinCAT RT (x86)
	EndGlobalSection
	GlobalSection(ProjectConfigurationPlatforms) = postSolution
		{3EAC4444-6C40-4B88-8DE5-A312021257E3}.Debug|TwinCAT OS (ARMV7-A).ActiveCfg = Debug|TwinCAT OS (ARMV7-A)
		{3EAC4444-6C40-4B88-8DE5-A312021257E3}.Debug|TwinCAT OS (ARMV7-A).Build.0 = Debug|TwinCAT OS (ARMV7-A)
		{3EAC4444-6C40-4B88-8DE5-A312021257E3}.Debug|TwinCAT OS (ARMV7-M).ActiveCfg = Debug|TwinCAT OS (ARMV7-M)
		{3EAC4444-6C40-4B88-8DE5-A312021257E3}.Debug|TwinCAT OS (ARMV7-M).Build.0 = Debug|TwinCAT OS (ARMV7-M)
		{3EAC4444-6C40-4B88-8DE5-A312021257E3}.Debug|TwinCAT OS (ARMV8-A).ActiveCfg = Debug|TwinCAT OS (ARMV8-A)
		{3EAC4444-6C40-4B88-8DE5-A312021257E3}.Debug|TwinCAT OS (ARMV8-A).Build.0 = Debug|TwinCAT OS (ARMV8-A)
		{3EAC4444-6C40-4B88-8DE5-A312021257E3}.Debug|TwinCAT OS (x64).ActiveCfg = Debug|TwinCAT OS (x64)
		{3EAC4444-6C40-4B88-8DE5-A312021257E3}.Debug|TwinCAT OS (x64).Build.0 = Debug|TwinCAT OS (x64)
		{3EAC4444-6C40-4B88-8DE5-A312021257E3}.Debug|TwinCAT OS (x64-E).ActiveCfg = Debug|TwinCAT OS (x64-E)
		{3EAC4444-6C40-4B88-8DE5-A312021257E3}.Debug|TwinCAT OS (x64-E).Build.0 = Debug|TwinCAT OS (x64-E)
		{3EAC4444-6C40-4B88-8DE5-A312021257E3}.Debug|TwinCAT RT (x64).ActiveCfg = Debug|TwinCAT RT (x64)
		{3EAC4444-6C40-4B88-8DE5-A312021257E3}.Debug|TwinCAT RT (x64).Build.0 = Debug|TwinCAT RT (x64)
		{3EAC4444-6C40-4B88-8DE5-A312021257E3}.Debug|TwinCAT RT (x86).ActiveCfg = Debug|TwinCAT RT (x86)
		{3EAC4444-6C40-4B88-8DE5-A312021257E3}.Debug|TwinCAT RT (x86).Build.0 = Debug|TwinCAT RT (x86)
		{3EAC4444-6C40-4B88-8DE5-A312021257E3}.Release|TwinCAT OS (ARMV7-A).ActiveCfg = Release|TwinCAT OS (ARMV7-A)
		{3EAC4444-6C40-4B88-8DE5-A312021257E3}.Release|TwinCAT OS (ARMV7-A).Build.0 = Release|TwinCAT OS (ARMV7-A)
		{3EAC4444-6C40-4B88-8DE5-A312021257E3}.Release|TwinCAT OS (ARMV7-M).ActiveCfg = Release|TwinCAT OS (ARMV7-M)
		{3EAC4444-6C40-4B88-8DE5-A312021257E3}.Release|TwinCAT OS (ARMV7-M).Build.0 = Release|TwinCAT OS (ARMV7-M)
		{3EAC4444-6C40-4B88-8DE5-A312021257E3}.Release|TwinCAT OS (ARMV8-A).ActiveCfg = Release|TwinCAT OS (ARMV8-A)
		{3EAC4444-6C40-4B88-8DE5-A312021257E3}.Release|TwinCAT OS (ARMV8-A).Build.0 = Release|TwinCAT OS (ARMV8-A)
		{3EAC4444-6C40-4B88-8DE5-A312021257E3}.Release|TwinCAT OS (x64).ActiveCfg = Release|TwinCAT OS (x64)
		{3EAC4444-6C40-4B88-8DE5-A312021257E3}.Release|TwinCAT OS (x64).Build.0 = Release|TwinCAT OS (x64)
		{3EAC4444-6C40-4B88-8DE5-A312021257E3}.Release|TwinCAT OS (x64-E).ActiveCfg = Release|TwinCAT OS (x64-E)
		{3EAC4444-6C40-4B88-8DE5-A312021257E3}.Release|TwinCAT OS (x64-E).Build.0 = Release|TwinCAT OS (x64-E)
		{3EAC4444-6C40-4B88-8DE5-A312021257E3}.Release|TwinCAT RT (x64).ActiveCfg = Release|TwinCAT RT (x64)
		{3EAC4444-6C40-4B88-8DE5-A312021257E3}.Release|TwinCAT RT (x64).Build.0 = Release|TwinCAT RT (x64)
		{3EAC4444-6C40-4B88-8DE5-A312021257E3}.Release|TwinCAT RT (x86).ActiveCfg = Release|TwinCAT RT (x86)
		{3EAC4444-6C40-4B88-8DE5-A312021257E3}.Release|TwinCAT RT (x86).Build.0 = Release|TwinCAT RT (x86)
		{732B8164-0046-420C-B1EA-5B229949EB4D}.Debug|TwinCAT OS (ARMV7-A).ActiveCfg = Debug|TwinCAT OS (ARMV7-A)
		{732B8164-0046-420C-B1EA-5B229949EB4D}.Debug|TwinCAT OS (ARMV7-A).Build.0 = Debug|TwinCAT OS (ARMV7-A)
		{732B8164-0046-420C-B1EA-5B229949EB4D}.Debug|TwinCAT OS (ARMV7-M).ActiveCfg = Debug|TwinCAT OS (ARMV7-M)
		{732B8164-0046-420C-B1EA-5B229949EB4D}.Debug|TwinCAT OS (ARMV7-M).Build.0 = Debug|TwinCAT OS (ARMV7-M)
		{732B8164-0046-420C-B1EA-5B229949EB4D}.Debug|TwinCAT OS (ARMV8-A).ActiveCfg = Debug|TwinCAT OS (ARMV8-A)
		{732B8164-0046-420C-B1EA-5B229949EB4D}.Debug|TwinCAT OS (ARMV8-A).Build.0 = Debug|TwinCAT OS (ARMV8-A)
		{732B8164-0046-420C-B1EA-5B229949EB4D}.Debug|TwinCAT OS (x64).ActiveCfg = Debug|TwinCAT OS (x64)
		{732B8164-0046-420C-B1EA-5B229949EB4D}.Debug|TwinCAT OS (x64).Build.0 = Debug|TwinCAT OS (x64)
		{732B8164-0046-420C-B1EA-5B229949EB4D}.Debug|TwinCAT OS (x64-E).ActiveCfg = Debug|TwinCAT OS (x64-E)
		{732B8164-0046-420C-B1EA-5B229949EB4D}.Debug|TwinCAT OS (x64-E).Build.0 = Debug|TwinCAT OS (x64-E)
		{732B8164-0046-420C-B1EA-5B229949EB4D}.Debug|TwinCAT RT (x64).ActiveCfg = Debug|TwinCAT RT (x64)
		{732B8164-0046-420C-B1EA-5B229949EB4D}.Debug|TwinCAT RT (x64).Build.0 = Debug|TwinCAT RT (x64)
		{732B8164-0046-420C-B1EA-5B229949EB4D}.Debug|TwinCAT RT (x86).ActiveCfg = Debug|TwinCAT RT (x86)
		{732B8164-0046-420C-B1EA-5B229949EB4D}.Debug|TwinCAT RT (x86).Build.0 = Debug|TwinCAT RT (x86)
		{732B8164-0046-420C-B1EA-5B229949EB4D}.Release|TwinCAT OS (ARMV7-A).ActiveCfg = Release|TwinCAT OS (ARMV7-A)
		{732B8164-0046-420C-B1EA-5B229949EB4D}.Release|TwinCAT OS (ARMV7-A).Build.0 = Release|TwinCAT OS (ARMV7-A)
		{732B8164-0046-420C-B1EA-5B229949EB4D}.Release|TwinCAT OS (ARMV7-M).ActiveCfg = Release|TwinCAT OS (ARMV7-M)
		{732B8164-0046-420C-B1EA-5B229949EB4D}.Release|TwinCAT OS (ARMV7-M).Build.0 = Release|TwinCAT OS (ARMV7-M)
		{732B8164-0046-420C-B1EA-5B229949EB4D}.Release|TwinCAT OS (ARMV8-A).ActiveCfg = Release|TwinCAT OS (ARMV8-A)
		{732B8164-0046-420C-B1EA-5B229949EB4D}.Release|TwinCAT OS (ARMV8-A).Build.0 = Release|TwinCAT OS (ARMV8-A)
		{732B8164-0046-420C-B1EA-5B229949EB4D}.Release|TwinCAT OS (x64).ActiveCfg = Release|TwinCAT OS (x64)
		{732B8164-0046-420C-B1EA-5B229949EB4D}.Release|TwinCAT OS (x64).Build.0 = Release|TwinCAT OS (x64)
		{732B8164-0046-420C-B1EA-5B229949EB4D}.Release|TwinCAT OS (x64-E).ActiveCfg = Release|TwinCAT OS (x64-E)
		{732B8164-0046-420C-B1EA-5B229949EB4D}.Release|TwinCAT OS (x64-E).Build.0 = Release|TwinCAT OS (x64-E)
		{732B8164-0046-420C-B1EA-5B229949EB4D}.Release|TwinCAT RT (x64).ActiveCfg = Release|TwinCAT RT (x64)
		{732B8164-0046-420C-B1EA-5B229949EB4D}.Release|TwinCAT RT (x64).Build.0 = Release|TwinCAT RT (x64)
		{732B8164-0046-420C-B1EA-5B229949EB4D}.Release|TwinCAT RT (x86).ActiveCfg = Release|TwinCAT RT (x86)
		{732B8164-0046-420C-B1EA-5B229949EB4D}.Release|TwinCAT RT (x86).Build.0 = Release|TwinCAT RT (x86)
		{F822628E-CAD0-4201-82FB-6141F7D7CFB2}.Debug|TwinCAT OS (ARMV7-A).ActiveCfg = Debug|TwinCAT OS (ARMV7-A)
		{F822628E-CAD0-4201-82FB-6141F7D7CFB2}.Debug|TwinCAT OS (ARMV7-A).Build.0 = Debug|TwinCAT OS (ARMV7-A)
		{F822628E-CAD0-4201-82FB-6141F7D7CFB2}.Debug|TwinCAT OS (ARMV7-M).ActiveCfg = Debug|TwinCAT OS (ARMV7-M)
		{F822628E-CAD0-4201-82FB-6141F7D7CFB2}.Debug|TwinCAT OS (ARMV7-M).Build.0 = Debug|TwinCAT OS (ARMV7-M)
		{F822628E-CAD0-4201-82FB-6141F7D7CFB2}.Debug|TwinCAT OS (ARMV8-A).ActiveCfg = Debug|TwinCAT OS (ARMV8-A)
		{F822628E-CAD0-4201-82FB-6141F7D7CFB2}.Debug|TwinCAT OS (ARMV8-A).Build.0 = Debug|TwinCAT OS (ARMV8-A)
		{F822628E-CAD0-4201-82FB-6141F7D7CFB2}.Debug|TwinCAT OS (x64).ActiveCfg = Debug|TwinCAT OS (x64)
		{F822628E-CAD0-4201-82FB-6141F7D7CFB2}.Debug|TwinCAT OS (x64).Build.0 = Debug|TwinCAT OS (x64)
		{F822628E-CAD0-4201-82FB-6141F7D7CFB2}.Debug|TwinCAT OS (x64-E).ActiveCfg = Debug|TwinCAT OS (x64-E)
		{F822628E-CAD0-4201-82FB-6141F7D7CFB2}.Debug|TwinCAT OS (x64-E).Build.0 = Debug|TwinCAT OS (x64-E)
		{F822628E-CAD0-4201-82FB-6141F7D7CFB2}.Debug|TwinCAT RT (x64).ActiveCfg = Debug|TwinCAT RT (x64)
		{F822628E-CAD0-4201-82FB-6141F7D7CFB2}.Debug|TwinCAT RT (x64).Build.0 = Debug|TwinCAT RT (x64)
		{F822628E-CAD0-4201-82FB-6141F7D7CFB2}.Debug|TwinCAT RT (x86).ActiveCfg = Debug|TwinCAT RT (x86)
		{F822628E-CAD0-4201-82FB-6141F7D7CFB2}.Debug|TwinCAT RT (x86).Build.0 = Debug|TwinCAT RT (x86)
		{F822628E-CAD0-4201-82FB-6141F7D7CFB2}.Release|TwinCAT OS (ARMV7-A).ActiveCfg = Release|TwinCAT OS (ARMV7-A)
		{F822628E-CAD0-4201-82FB-6141F7D7CFB2}.Release|TwinCAT OS (ARMV7-A).Build.0 = Release|TwinCAT OS (ARMV7-A)
		{F822628E-CAD0-4201-82FB-6141F7D7CFB2}.Release|TwinCAT OS (ARMV7-M).ActiveCfg = Release|TwinCAT OS (ARMV7-M)
		{F822628E-CAD0-4201-82FB-6141F7D7CFB2}.Release|TwinCAT OS (ARMV7-M).Build.0 = Release|TwinCAT OS (ARMV7-M)
		{F822628E-CAD0-4201-82FB-6141F7D7CFB2}.Release|TwinCAT OS (ARMV8-A).ActiveCfg = Release|TwinCAT OS (ARMV8-A)
		{F822628E-CAD0-4201-82FB-6141F7D7CFB2}.Release|TwinCAT OS (ARMV8-A).Build.0 = Release|TwinCAT OS (ARMV8-A)
		{F822628E-CAD0-4201-82FB-6141F7D7CFB2}.Release|TwinCAT OS (x64).ActiveCfg = Release|TwinCAT OS (x64)
		{F822628E-CAD0-4201-82FB-6141F7D7CFB2}.Release|TwinCAT OS (x64).Build.0 = Release|TwinCAT OS (x64)
		{F822628E-CAD0-4201-82FB-6141F7D7CFB2}.Release|TwinCAT OS (x64-E).ActiveCfg = Release|TwinCAT OS (x64-E)
		{F822628E-CAD0-4201-82FB-6141F7D7CFB2}.Release|TwinCAT OS (x64-E).Build.0 = Release|TwinCAT OS (x64-E)
		{F822628E-CAD0-4201-82FB-6141F7D7CFB2}.Release|TwinCAT RT (x64).ActiveCfg = Release|TwinCAT RT (x64)
		{F822628E-CAD0-4201-82FB-6141F7D7CFB2}.Release|TwinCAT RT (x64).Build.0 = Release|TwinCAT RT (x64)
		{F822628E-CAD0-4201-82FB-6141F7D7CFB2}.Release|TwinCAT RT (x86).ActiveCfg = Release|TwinCAT RT (x86)
		{F822628E-CAD0-4201-82FB-6141F7D7CFB2}.Release|TwinCAT RT (x86).Build.0 = Release|TwinCAT RT (x86)
		{F94C249E-B18F-4D07-AB52-359B94BA5BBF}.Debug|TwinCAT OS (ARMV7-A).ActiveCfg = Debug|TwinCAT OS (ARMV7-A)
		{F94C249E-B18F-4D07-AB52-359B94BA5BBF}.Debug|TwinCAT OS (ARMV7-A).Build.0 = Debug|TwinCAT OS (ARMV7-A)
		{F94C249E-B18F-4D07-AB52-359B94BA5BBF}.Debug|TwinCAT OS (ARMV7-M).ActiveCfg = Debug|TwinCAT OS (ARMV7-M)
		{F94C249E-B18F-4D07-AB52-359B94BA5BBF}.Debug|TwinCAT OS (ARMV7-M).Build.0 = Debug|TwinCAT OS (ARMV7-M)
		{F94C249E-B18F-4D07-AB52-359B94BA5BBF}.Debug|TwinCAT OS (ARMV8-A).ActiveCfg = Debug|TwinCAT OS (ARMV8-A)
		{F94C249E-B18F-4D07-AB52-359B94BA5BBF}.Debug|TwinCAT OS (ARMV8-A).Build.0 = Debug|TwinCAT OS (ARMV8-A)
		{F94C249E-B18F-4D07-AB52-359B94BA5BBF}.Debug|TwinCAT OS (x64).ActiveCfg = Debug|TwinCAT OS (x64)
		{F94C249E-B18F-4D07-AB52-359B94BA5BBF}.Debug|TwinCAT OS (x64).Build.0 = Debug|TwinCAT OS (x64)
		{F94C249E-B18F-4D07-AB52-359B94BA5BBF}.Debug|TwinCAT OS (x64-E).ActiveCfg = Debug|TwinCAT OS (x64-E)
		{F94C249E-B18F-4D07-AB52-359B94BA5BBF}.Debug|TwinCAT OS (x64-E).Build.0 = Debug|TwinCAT OS (x64-E)
		{F94C249E-B18F-4D07-AB52-359B94BA5BBF}.Debug|TwinCAT RT (x64).ActiveCfg = Debug|TwinCAT RT (x64)
		{F94C249E-B18F-4D07-AB52-359B94BA5BBF}.Debug|TwinCAT RT (x64).Build.0 = Debug|TwinCAT RT (x64)
		{F94C249E-B18F-4D07-AB52-359B94BA5BBF}.Debug|TwinCAT RT (x86).ActiveCfg = Debug|TwinCAT RT (x86)
		{F94C249E-B18F-4D07-AB52-359B94BA5BBF}.Debug|TwinCAT RT (x86).Build.0 = Debug|TwinCAT RT (x86)
		{F94C249E-B18F-4D07-AB52-359B94BA5BBF}.Release|TwinCAT OS (ARMV7-A).ActiveCfg = Release|TwinCAT OS (ARMV7-A)
		{F94C249E-B18F-4D07-AB52-359B94BA5BBF}.Release|TwinCAT OS (ARMV7-A).Build.0 = Release|TwinCAT OS (ARMV7-A)
		{F94C249E-B18F-4D07-AB52-359B94BA5BBF}.Release|TwinCAT OS (ARMV7-M).ActiveCfg = Release|TwinCAT OS (ARMV7-M)
		{F94C249E-B18F-4D07-AB52-359B94BA5BBF}.Release|TwinCAT OS (ARMV7-M).Build.0 = Release|TwinCAT OS (ARMV7-M)
		{F94C249E-B18F-4D07-AB52-359B94BA5BBF}.Release|TwinCAT OS (ARMV8-A).ActiveCfg = Release|TwinCAT OS (ARMV8-A)
		{F94C249E-B18F-4D07-AB52-359B94BA5BBF}.Release|TwinCAT OS (ARMV8-A).Build.0 = Release|TwinCAT OS (ARMV8-A)
		{F94C249E-B18F-4D07-AB52-359B94BA5BBF}.Release|TwinCAT OS (x64).ActiveCfg = Release|TwinCAT OS (x64)
		{F94C249E-B18F-4D07-AB52-359B94BA5BBF}.Release|TwinCAT OS (x64).Build.0 = Release|TwinCAT OS (x64)
		{F94C249E-B18F-4D07-AB52-359B94BA5BBF}.Release|TwinCAT OS (x64-E).ActiveCfg = Release|TwinCAT OS (x64-E)
		{F94C249E-B18F-4D07-AB52-359B94BA5BBF}.Release|TwinCAT OS (x64-E).Build.0 = Release|TwinCAT OS (x64-E)
		{F94C249E-B18F-4D07-AB52-359B94BA5BBF}.Release|TwinCAT RT (x64).ActiveCfg = Release|TwinCAT RT (x64)
		{F94C249E-B18F-4D07-AB52-359B94BA5BBF}.Release|TwinCAT RT (x64).Build.0 = Release|TwinCAT RT (x64)
		{F94C249E-B18F-4D07-AB52-359B94BA5BBF}.Release|TwinCAT RT (x86).ActiveCfg = Release|TwinCAT RT (x86)
		{F94C249E-B18F-4D07-AB52-359B94BA5BBF}.Release|TwinCAT RT (x86).Build.0 = Release|TwinCAT RT (x86)
	EndGlobalSection
	GlobalSection(SolutionProperties) = preSolution
		HideSolutionNode = FALSE
	EndGlobalSection
	GlobalSection(ExtensibilityGlobals) = postSolution
		SolutionGuid = {72F8DA89-4AB8-4388-9C79-5B128CAA16A8}
	EndGlobalSection
EndGlobal
